
Microsoft Visual Studio Solution File, Format Version 12.00
# Visual Studio Version 17
VisualStudioVersion = 17.8.34511.84
MinimumVisualStudioVersion = 10.0.40219.1
Project("{9A19103F-16F7-4668-BE54-9A1E7A4F7556}") = "Monambike.Core", "Monambike.Core.csproj", "{6EC16808-6C72-4C02-9BC3-EE4C6F07E096}"
EndProject
Project("{FAE04EC0-301F-11D3-BF4B-00C04F79EFBC}") = "Monambike.Test", "..\Monambike.Test\Monambike.Test.csproj", "{704E78EF-BAC9-4955-A52F-560B0F460597}"
EndProject
Global
	GlobalSection(SolutionConfigurationPlatforms) = preSolution
		Debug|Any CPU = Debug|Any CPU
		Release|Any CPU = Release|Any CPU
	EndGlobalSection
	GlobalSection(ProjectConfigurationPlatforms) = postSolution
		{6EC16808-6C72-4C02-9BC3-EE4C6F07E096}.Debug|Any CPU.ActiveCfg = Debug|Any CPU
		{6EC16808-6C72-4C02-9BC3-EE4C6F07E096}.Debug|Any CPU.Build.0 = Debug|Any CPU
		{6EC16808-6C72-4C02-9BC3-EE4C6F07E096}.Release|Any CPU.ActiveCfg = Release|Any CPU
		{6EC16808-6C72-4C02-9BC3-EE4C6F07E096}.Release|Any CPU.Build.0 = Release|Any CPU
		{704E78EF-BAC9-4955-A52F-560B0F460597}.Debug|Any CPU.ActiveCfg = Debug|Any CPU
		{704E78EF-BAC9-4955-A52F-560B0F460597}.Debug|Any CPU.Build.0 = Debug|Any CPU
		{704E78EF-BAC9-4955-A52F-560B0F460597}.Release|Any CPU.ActiveCfg = Release|Any CPU
		{704E78EF-BAC9-4955-A52F-560B0F460597}.Release|Any CPU.Build.0 = Release|Any CPU
	EndGlobalSection
	GlobalSection(SolutionProperties) = preSolution
		HideSolutionNode = FALSE
	EndGlobalSection
	GlobalSection(ExtensibilityGlobals) = postSolution
		SolutionGuid = {3B672334-1BB7-4971-BCBF-8818B27AD0A5}
	EndGlobalSection
EndGlobal
